
Microsoft Visual Studio Solution File, Format Version 12.00
# Visual Studio 15
VisualStudioVersion = 15.0.27703.2047
MinimumVisualStudioVersion = 10.0.40219.1
Project("{FAE04EC0-301F-11D3-BF4B-00C04F79EFBC}") = "LuckyTicket", "LuckyTicket\LuckyTicket.csproj", "{082C9081-2F09-4F60-B617-2F54A6309BED}"
EndProject
Project("{FAE04EC0-301F-11D3-BF4B-00C04F79EFBC}") = "LuckyTicketTests", "LuckyTicketTests\LuckyTicketTests.csproj", "{C6B666EE-2BB2-40F9-8DFB-96256E70AF66}"
EndProject
Global
	GlobalSection(SolutionConfigurationPlatforms) = preSolution
		Debug|Any CPU = Debug|Any CPU
		Release|Any CPU = Release|Any CPU
	EndGlobalSection
	GlobalSection(ProjectConfigurationPlatforms) = postSolution
		{082C9081-2F09-4F60-B617-2F54A6309BED}.Debug|Any CPU.ActiveCfg = Debug|Any CPU
		{082C9081-2F09-4F60-B617-2F54A6309BED}.Debug|Any CPU.Build.0 = Debug|Any CPU
		{082C9081-2F09-4F60-B617-2F54A6309BED}.Release|Any CPU.ActiveCfg = Release|Any CPU
		{082C9081-2F09-4F60-B617-2F54A6309BED}.Release|Any CPU.Build.0 = Release|Any CPU
		{C6B666EE-2BB2-40F9-8DFB-96256E70AF66}.Debug|Any CPU.ActiveCfg = Debug|Any CPU
		{C6B666EE-2BB2-40F9-8DFB-96256E70AF66}.Debug|Any CPU.Build.0 = Debug|Any CPU
		{C6B666EE-2BB2-40F9-8DFB-96256E70AF66}.Release|Any CPU.ActiveCfg = Release|Any CPU
		{C6B666EE-2BB2-40F9-8DFB-96256E70AF66}.Release|Any CPU.Build.0 = Release|Any CPU
	EndGlobalSection
	GlobalSection(SolutionProperties) = preSolution
		HideSolutionNode = FALSE
	EndGlobalSection
	GlobalSection(ExtensibilityGlobals) = postSolution
		SolutionGuid = {690EF573-9F16-41C3-A968-7820CDEF90A7}
	EndGlobalSection
EndGlobal
